
Microsoft Visual Studio Solution File, Format Version 12.00
# Visual Studio 14
VisualStudioVersion = 14.0.25420.1
MinimumVisualStudioVersion = 10.0.40219.1
Project("{FAE04EC0-301F-11D3-BF4B-00C04F79EFBC}") = "HelloWPF", "HelloWPF\HelloWPF.csproj", "{A9B5A967-9284-4404-A958-1155A90C784F}"
EndProject
Project("{FAE04EC0-301F-11D3-BF4B-00C04F79EFBC}") = "ControlsInsideAControl", "ControlsInsideAControl\ControlsInsideAControl.csproj", "{028BB7FE-DE26-46B7-89BD-728063645A55}"
EndProject
Project("{FAE04EC0-301F-11D3-BF4B-00C04F79EFBC}") = "WPFEvents", "WPFEvents\WPFEvents.csproj", "{33697DE6-D1DC-4C5A-820C-93F9A6F705A3}"
EndProject
Project("{FAE04EC0-301F-11D3-BF4B-00C04F79EFBC}") = "UsingResources", "UsingResources\UsingResources.csproj", "{70AD3917-B622-4822-A6C2-99FD19FE6088}"
EndProject
Project("{FAE04EC0-301F-11D3-BF4B-00C04F79EFBC}") = "ExtendedResources", "ExtendedResources\ExtendedResources.csproj", "{90799ECB-8976-4D3A-B239-414F0A02CF70}"
EndProject
Global
	GlobalSection(SolutionConfigurationPlatforms) = preSolution
		Debug|Any CPU = Debug|Any CPU
		Release|Any CPU = Release|Any CPU
	EndGlobalSection
	GlobalSection(ProjectConfigurationPlatforms) = postSolution
		{A9B5A967-9284-4404-A958-1155A90C784F}.Debug|Any CPU.ActiveCfg = Debug|Any CPU
		{A9B5A967-9284-4404-A958-1155A90C784F}.Debug|Any CPU.Build.0 = Debug|Any CPU
		{A9B5A967-9284-4404-A958-1155A90C784F}.Release|Any CPU.ActiveCfg = Release|Any CPU
		{A9B5A967-9284-4404-A958-1155A90C784F}.Release|Any CPU.Build.0 = Release|Any CPU
		{028BB7FE-DE26-46B7-89BD-728063645A55}.Debug|Any CPU.ActiveCfg = Debug|Any CPU
		{028BB7FE-DE26-46B7-89BD-728063645A55}.Debug|Any CPU.Build.0 = Debug|Any CPU
		{028BB7FE-DE26-46B7-89BD-728063645A55}.Release|Any CPU.ActiveCfg = Release|Any CPU
		{028BB7FE-DE26-46B7-89BD-728063645A55}.Release|Any CPU.Build.0 = Release|Any CPU
		{33697DE6-D1DC-4C5A-820C-93F9A6F705A3}.Debug|Any CPU.ActiveCfg = Debug|Any CPU
		{33697DE6-D1DC-4C5A-820C-93F9A6F705A3}.Debug|Any CPU.Build.0 = Debug|Any CPU
		{33697DE6-D1DC-4C5A-820C-93F9A6F705A3}.Release|Any CPU.ActiveCfg = Release|Any CPU
		{33697DE6-D1DC-4C5A-820C-93F9A6F705A3}.Release|Any CPU.Build.0 = Release|Any CPU
		{70AD3917-B622-4822-A6C2-99FD19FE6088}.Debug|Any CPU.ActiveCfg = Debug|Any CPU
		{70AD3917-B622-4822-A6C2-99FD19FE6088}.Debug|Any CPU.Build.0 = Debug|Any CPU
		{70AD3917-B622-4822-A6C2-99FD19FE6088}.Release|Any CPU.ActiveCfg = Release|Any CPU
		{70AD3917-B622-4822-A6C2-99FD19FE6088}.Release|Any CPU.Build.0 = Release|Any CPU
		{90799ECB-8976-4D3A-B239-414F0A02CF70}.Debug|Any CPU.ActiveCfg = Debug|Any CPU
		{90799ECB-8976-4D3A-B239-414F0A02CF70}.Debug|Any CPU.Build.0 = Debug|Any CPU
		{90799ECB-8976-4D3A-B239-414F0A02CF70}.Release|Any CPU.ActiveCfg = Release|Any CPU
		{90799ECB-8976-4D3A-B239-414F0A02CF70}.Release|Any CPU.Build.0 = Release|Any CPU
	EndGlobalSection
	GlobalSection(SolutionProperties) = preSolution
		HideSolutionNode = FALSE
	EndGlobalSection
EndGlobal
