
Microsoft Visual Studio Solution File, Format Version 12.00
# Visual Studio 14
VisualStudioVersion = 14.0.25420.1
MinimumVisualStudioVersion = 10.0.40219.1
Project("{FAE04EC0-301F-11D3-BF4B-00C04F79EFBC}") = "HelloWPF", "HelloWPF\HelloWPF.csproj", "{A9B5A967-9284-4404-A958-1155A90C784F}"
EndProject
Project("{FAE04EC0-301F-11D3-BF4B-00C04F79EFBC}") = "ControlsInsideAControl", "ControlsInsideAControl\ControlsInsideAControl.csproj", "{028BB7FE-DE26-46B7-89BD-728063645A55}"
EndProject
Project("{FAE04EC0-301F-11D3-BF4B-00C04F79EFBC}") = "WPFEvents", "WPFEvents\WPFEvents.csproj", "{33697DE6-D1DC-4C5A-820C-93F9A6F705A3}"
EndProject
Project("{FAE04EC0-301F-11D3-BF4B-00C04F79EFBC}") = "UsingResources", "UsingResources\UsingResources.csproj", "{70AD3917-B622-4822-A6C2-99FD19FE6088}"
EndProject
Project("{FAE04EC0-301F-11D3-BF4B-00C04F79EFBC}") = "ExtendedResources", "ExtendedResources\ExtendedResources.csproj", "{90799ECB-8976-4D3A-B239-414F0A02CF70}"
EndProject
Project("{FAE04EC0-301F-11D3-BF4B-00C04F79EFBC}") = "ResourcesFromCode", "ResourcesFromCode\ResourcesFromCode.csproj", "{1C44C1FD-5C12-4934-885F-11F17CFBDE32}"
EndProject
Project("{FAE04EC0-301F-11D3-BF4B-00C04F79EFBC}") = "ExceptionHandling", "ExceptionHandling\ExceptionHandling.csproj", "{9804F76A-E530-414A-9B50-187A02851022}"
EndProject
Project("{FAE04EC0-301F-11D3-BF4B-00C04F79EFBC}") = "TextboxControls", "TextboxControls\TextboxControls.csproj", "{12FBE2EC-8E15-472C-A6BE-C136F842502E}"
EndProject
Project("{FAE04EC0-301F-11D3-BF4B-00C04F79EFBC}") = "CheckBoxControls", "CheckBoxControls\CheckBoxControls.csproj", "{5C05B2F5-D58F-4FCB-BE82-A06C73187C6E}"
EndProject
Project("{FAE04EC0-301F-11D3-BF4B-00C04F79EFBC}") = "RadioButtonControl", "RadioButtonControl\RadioButtonControl.csproj", "{4B2C15CD-96A4-46E4-9D9C-FD0CBB5A8EDC}"
EndProject
Project("{FAE04EC0-301F-11D3-BF4B-00C04F79EFBC}") = "ToolTips", "ToolTips\ToolTips.csproj", "{F605B5CD-5FAE-451F-A7F3-EAF1ABD4C39F}"
EndProject
Project("{FAE04EC0-301F-11D3-BF4B-00C04F79EFBC}") = "Ribbon", "Ribbon\Ribbon.csproj", "{14B07A44-D5B9-4707-AB3F-76833E683B1E}"
EndProject
Project("{FAE04EC0-301F-11D3-BF4B-00C04F79EFBC}") = "WPFMVVM", "WPFMVVM\WPFMVVM.csproj", "{E69632AF-6A41-4192-AB8E-050382F8AD8A}"
EndProject
Project("{FAE04EC0-301F-11D3-BF4B-00C04F79EFBC}") = "Delegate", "Delegate\Delegate.csproj", "{AA999EC7-A7FC-46AA-8936-1A38D626CE4E}"
EndProject
Project("{FAE04EC0-301F-11D3-BF4B-00C04F79EFBC}") = "ViewModel", "ViewModel\ViewModel.csproj", "{D2E2ECDB-9C5C-4522-9508-49FD6779206C}"
EndProject
Project("{FAE04EC0-301F-11D3-BF4B-00C04F79EFBC}") = "Model", "Model\Model.csproj", "{62E6E5DE-72E9-4A0B-A1CC-FB5CB93302D8}"
EndProject
Project("{FAE04EC0-301F-11D3-BF4B-00C04F79EFBC}") = "MVVMDemo", "MVVMDemo\MVVMDemo.csproj", "{C0DE92C3-E3C3-4F7F-859C-1B6ED2D74753}"
EndProject
Project("{FAE04EC0-301F-11D3-BF4B-00C04F79EFBC}") = "CustomDatePicker", "CustomDatePicker\CustomDatePicker.csproj", "{3E5F2D75-B907-44C5-A1B9-FD9A249FB7ED}"
EndProject
Project("{FAE04EC0-301F-11D3-BF4B-00C04F79EFBC}") = "FsCalendar", "..\..\..\..\Desktop\FsCalendar\FsCalendar\FsCalendar.csproj", "{968182E6-FA10-476F-96D2-0FD1F09549A4}"
EndProject
Project("{FAE04EC0-301F-11D3-BF4B-00C04F79EFBC}") = "MVVMDemoTest", "MVVMDemoTest\MVVMDemoTest.csproj", "{44F40C11-F720-4E82-B67B-06701BDA552E}"
EndProject
Project("{FAE04EC0-301F-11D3-BF4B-00C04F79EFBC}") = "CaliburnNote", "CaliburnNote\CaliburnNote.csproj", "{257B2979-8FB4-4E1B-AB0F-522257D68EAF}"
EndProject
Project("{FAE04EC0-301F-11D3-BF4B-00C04F79EFBC}") = "HelloCaliburn", "HelloCaliburn\HelloCaliburn.csproj", "{E793AC6E-42C8-42C5-8247-C6A43F6E8325}"
EndProject
Project("{FAE04EC0-301F-11D3-BF4B-00C04F79EFBC}") = "CaliburnMicroApp", "CaliburnMicroApp\CaliburnMicroApp.csproj", "{93C5C3C1-236D-4A54-B2F4-95812F2E5E02}"
EndProject
Project("{FAE04EC0-301F-11D3-BF4B-00C04F79EFBC}") = "CaliburnEvent", "CaliburnEvent\CaliburnEvent.csproj", "{12F9A01F-E536-450F-8342-79CD937EBB38}"
EndProject
Project("{FAE04EC0-301F-11D3-BF4B-00C04F79EFBC}") = "CaliburnWinManager", "CaliburnWinManager\CaliburnWinManager.csproj", "{4D67780A-2981-4388-BC65-A3E708F5C270}"
EndProject
Project("{FAE04EC0-301F-11D3-BF4B-00C04F79EFBC}") = "CaliburnScreenConductor", "CaliburnScreenConductor\CaliburnScreenConductor.csproj", "{ABF0A1DB-3CB1-43F3-B7E3-82E87142DA3E}"
EndProject
Global
	GlobalSection(SolutionConfigurationPlatforms) = preSolution
		Debug|Any CPU = Debug|Any CPU
		Release|Any CPU = Release|Any CPU
	EndGlobalSection
	GlobalSection(ProjectConfigurationPlatforms) = postSolution
		{A9B5A967-9284-4404-A958-1155A90C784F}.Debug|Any CPU.ActiveCfg = Debug|Any CPU
		{A9B5A967-9284-4404-A958-1155A90C784F}.Debug|Any CPU.Build.0 = Debug|Any CPU
		{A9B5A967-9284-4404-A958-1155A90C784F}.Release|Any CPU.ActiveCfg = Release|Any CPU
		{A9B5A967-9284-4404-A958-1155A90C784F}.Release|Any CPU.Build.0 = Release|Any CPU
		{028BB7FE-DE26-46B7-89BD-728063645A55}.Debug|Any CPU.ActiveCfg = Debug|Any CPU
		{028BB7FE-DE26-46B7-89BD-728063645A55}.Debug|Any CPU.Build.0 = Debug|Any CPU
		{028BB7FE-DE26-46B7-89BD-728063645A55}.Release|Any CPU.ActiveCfg = Release|Any CPU
		{028BB7FE-DE26-46B7-89BD-728063645A55}.Release|Any CPU.Build.0 = Release|Any CPU
		{33697DE6-D1DC-4C5A-820C-93F9A6F705A3}.Debug|Any CPU.ActiveCfg = Debug|Any CPU
		{33697DE6-D1DC-4C5A-820C-93F9A6F705A3}.Debug|Any CPU.Build.0 = Debug|Any CPU
		{33697DE6-D1DC-4C5A-820C-93F9A6F705A3}.Release|Any CPU.ActiveCfg = Release|Any CPU
		{33697DE6-D1DC-4C5A-820C-93F9A6F705A3}.Release|Any CPU.Build.0 = Release|Any CPU
		{70AD3917-B622-4822-A6C2-99FD19FE6088}.Debug|Any CPU.ActiveCfg = Debug|Any CPU
		{70AD3917-B622-4822-A6C2-99FD19FE6088}.Debug|Any CPU.Build.0 = Debug|Any CPU
		{70AD3917-B622-4822-A6C2-99FD19FE6088}.Release|Any CPU.ActiveCfg = Release|Any CPU
		{70AD3917-B622-4822-A6C2-99FD19FE6088}.Release|Any CPU.Build.0 = Release|Any CPU
		{90799ECB-8976-4D3A-B239-414F0A02CF70}.Debug|Any CPU.ActiveCfg = Debug|Any CPU
		{90799ECB-8976-4D3A-B239-414F0A02CF70}.Debug|Any CPU.Build.0 = Debug|Any CPU
		{90799ECB-8976-4D3A-B239-414F0A02CF70}.Release|Any CPU.ActiveCfg = Release|Any CPU
		{90799ECB-8976-4D3A-B239-414F0A02CF70}.Release|Any CPU.Build.0 = Release|Any CPU
		{1C44C1FD-5C12-4934-885F-11F17CFBDE32}.Debug|Any CPU.ActiveCfg = Debug|Any CPU
		{1C44C1FD-5C12-4934-885F-11F17CFBDE32}.Debug|Any CPU.Build.0 = Debug|Any CPU
		{1C44C1FD-5C12-4934-885F-11F17CFBDE32}.Release|Any CPU.ActiveCfg = Release|Any CPU
		{1C44C1FD-5C12-4934-885F-11F17CFBDE32}.Release|Any CPU.Build.0 = Release|Any CPU
		{9804F76A-E530-414A-9B50-187A02851022}.Debug|Any CPU.ActiveCfg = Debug|Any CPU
		{9804F76A-E530-414A-9B50-187A02851022}.Debug|Any CPU.Build.0 = Debug|Any CPU
		{9804F76A-E530-414A-9B50-187A02851022}.Release|Any CPU.ActiveCfg = Release|Any CPU
		{9804F76A-E530-414A-9B50-187A02851022}.Release|Any CPU.Build.0 = Release|Any CPU
		{12FBE2EC-8E15-472C-A6BE-C136F842502E}.Debug|Any CPU.ActiveCfg = Debug|Any CPU
		{12FBE2EC-8E15-472C-A6BE-C136F842502E}.Debug|Any CPU.Build.0 = Debug|Any CPU
		{12FBE2EC-8E15-472C-A6BE-C136F842502E}.Release|Any CPU.ActiveCfg = Release|Any CPU
		{12FBE2EC-8E15-472C-A6BE-C136F842502E}.Release|Any CPU.Build.0 = Release|Any CPU
		{5C05B2F5-D58F-4FCB-BE82-A06C73187C6E}.Debug|Any CPU.ActiveCfg = Debug|Any CPU
		{5C05B2F5-D58F-4FCB-BE82-A06C73187C6E}.Debug|Any CPU.Build.0 = Debug|Any CPU
		{5C05B2F5-D58F-4FCB-BE82-A06C73187C6E}.Release|Any CPU.ActiveCfg = Release|Any CPU
		{5C05B2F5-D58F-4FCB-BE82-A06C73187C6E}.Release|Any CPU.Build.0 = Release|Any CPU
		{4B2C15CD-96A4-46E4-9D9C-FD0CBB5A8EDC}.Debug|Any CPU.ActiveCfg = Debug|Any CPU
		{4B2C15CD-96A4-46E4-9D9C-FD0CBB5A8EDC}.Debug|Any CPU.Build.0 = Debug|Any CPU
		{4B2C15CD-96A4-46E4-9D9C-FD0CBB5A8EDC}.Release|Any CPU.ActiveCfg = Release|Any CPU
		{4B2C15CD-96A4-46E4-9D9C-FD0CBB5A8EDC}.Release|Any CPU.Build.0 = Release|Any CPU
		{F605B5CD-5FAE-451F-A7F3-EAF1ABD4C39F}.Debug|Any CPU.ActiveCfg = Debug|Any CPU
		{F605B5CD-5FAE-451F-A7F3-EAF1ABD4C39F}.Debug|Any CPU.Build.0 = Debug|Any CPU
		{F605B5CD-5FAE-451F-A7F3-EAF1ABD4C39F}.Release|Any CPU.ActiveCfg = Release|Any CPU
		{F605B5CD-5FAE-451F-A7F3-EAF1ABD4C39F}.Release|Any CPU.Build.0 = Release|Any CPU
		{14B07A44-D5B9-4707-AB3F-76833E683B1E}.Debug|Any CPU.ActiveCfg = Debug|Any CPU
		{14B07A44-D5B9-4707-AB3F-76833E683B1E}.Debug|Any CPU.Build.0 = Debug|Any CPU
		{14B07A44-D5B9-4707-AB3F-76833E683B1E}.Release|Any CPU.ActiveCfg = Release|Any CPU
		{14B07A44-D5B9-4707-AB3F-76833E683B1E}.Release|Any CPU.Build.0 = Release|Any CPU
		{E69632AF-6A41-4192-AB8E-050382F8AD8A}.Debug|Any CPU.ActiveCfg = Debug|Any CPU
		{E69632AF-6A41-4192-AB8E-050382F8AD8A}.Debug|Any CPU.Build.0 = Debug|Any CPU
		{E69632AF-6A41-4192-AB8E-050382F8AD8A}.Release|Any CPU.ActiveCfg = Release|Any CPU
		{E69632AF-6A41-4192-AB8E-050382F8AD8A}.Release|Any CPU.Build.0 = Release|Any CPU
		{AA999EC7-A7FC-46AA-8936-1A38D626CE4E}.Debug|Any CPU.ActiveCfg = Debug|Any CPU
		{AA999EC7-A7FC-46AA-8936-1A38D626CE4E}.Debug|Any CPU.Build.0 = Debug|Any CPU
		{AA999EC7-A7FC-46AA-8936-1A38D626CE4E}.Release|Any CPU.ActiveCfg = Release|Any CPU
		{AA999EC7-A7FC-46AA-8936-1A38D626CE4E}.Release|Any CPU.Build.0 = Release|Any CPU
		{D2E2ECDB-9C5C-4522-9508-49FD6779206C}.Debug|Any CPU.ActiveCfg = Debug|Any CPU
		{D2E2ECDB-9C5C-4522-9508-49FD6779206C}.Debug|Any CPU.Build.0 = Debug|Any CPU
		{D2E2ECDB-9C5C-4522-9508-49FD6779206C}.Release|Any CPU.ActiveCfg = Release|Any CPU
		{D2E2ECDB-9C5C-4522-9508-49FD6779206C}.Release|Any CPU.Build.0 = Release|Any CPU
		{62E6E5DE-72E9-4A0B-A1CC-FB5CB93302D8}.Debug|Any CPU.ActiveCfg = Debug|Any CPU
		{62E6E5DE-72E9-4A0B-A1CC-FB5CB93302D8}.Debug|Any CPU.Build.0 = Debug|Any CPU
		{62E6E5DE-72E9-4A0B-A1CC-FB5CB93302D8}.Release|Any CPU.ActiveCfg = Release|Any CPU
		{62E6E5DE-72E9-4A0B-A1CC-FB5CB93302D8}.Release|Any CPU.Build.0 = Release|Any CPU
		{C0DE92C3-E3C3-4F7F-859C-1B6ED2D74753}.Debug|Any CPU.ActiveCfg = Debug|Any CPU
		{C0DE92C3-E3C3-4F7F-859C-1B6ED2D74753}.Debug|Any CPU.Build.0 = Debug|Any CPU
		{C0DE92C3-E3C3-4F7F-859C-1B6ED2D74753}.Release|Any CPU.ActiveCfg = Release|Any CPU
		{C0DE92C3-E3C3-4F7F-859C-1B6ED2D74753}.Release|Any CPU.Build.0 = Release|Any CPU
		{3E5F2D75-B907-44C5-A1B9-FD9A249FB7ED}.Debug|Any CPU.ActiveCfg = Debug|Any CPU
		{3E5F2D75-B907-44C5-A1B9-FD9A249FB7ED}.Debug|Any CPU.Build.0 = Debug|Any CPU
		{3E5F2D75-B907-44C5-A1B9-FD9A249FB7ED}.Release|Any CPU.ActiveCfg = Release|Any CPU
		{3E5F2D75-B907-44C5-A1B9-FD9A249FB7ED}.Release|Any CPU.Build.0 = Release|Any CPU
		{968182E6-FA10-476F-96D2-0FD1F09549A4}.Debug|Any CPU.ActiveCfg = Debug|Any CPU
		{968182E6-FA10-476F-96D2-0FD1F09549A4}.Debug|Any CPU.Build.0 = Debug|Any CPU
		{968182E6-FA10-476F-96D2-0FD1F09549A4}.Release|Any CPU.ActiveCfg = Release|Any CPU
		{968182E6-FA10-476F-96D2-0FD1F09549A4}.Release|Any CPU.Build.0 = Release|Any CPU
		{44F40C11-F720-4E82-B67B-06701BDA552E}.Debug|Any CPU.ActiveCfg = Debug|Any CPU
		{44F40C11-F720-4E82-B67B-06701BDA552E}.Debug|Any CPU.Build.0 = Debug|Any CPU
		{44F40C11-F720-4E82-B67B-06701BDA552E}.Release|Any CPU.ActiveCfg = Release|Any CPU
		{44F40C11-F720-4E82-B67B-06701BDA552E}.Release|Any CPU.Build.0 = Release|Any CPU
		{257B2979-8FB4-4E1B-AB0F-522257D68EAF}.Debug|Any CPU.ActiveCfg = Debug|Any CPU
		{257B2979-8FB4-4E1B-AB0F-522257D68EAF}.Debug|Any CPU.Build.0 = Debug|Any CPU
		{257B2979-8FB4-4E1B-AB0F-522257D68EAF}.Release|Any CPU.ActiveCfg = Release|Any CPU
		{257B2979-8FB4-4E1B-AB0F-522257D68EAF}.Release|Any CPU.Build.0 = Release|Any CPU
		{E793AC6E-42C8-42C5-8247-C6A43F6E8325}.Debug|Any CPU.ActiveCfg = Debug|Any CPU
		{E793AC6E-42C8-42C5-8247-C6A43F6E8325}.Debug|Any CPU.Build.0 = Debug|Any CPU
		{E793AC6E-42C8-42C5-8247-C6A43F6E8325}.Release|Any CPU.ActiveCfg = Release|Any CPU
		{E793AC6E-42C8-42C5-8247-C6A43F6E8325}.Release|Any CPU.Build.0 = Release|Any CPU
		{93C5C3C1-236D-4A54-B2F4-95812F2E5E02}.Debug|Any CPU.ActiveCfg = Debug|Any CPU
		{93C5C3C1-236D-4A54-B2F4-95812F2E5E02}.Debug|Any CPU.Build.0 = Debug|Any CPU
		{93C5C3C1-236D-4A54-B2F4-95812F2E5E02}.Release|Any CPU.ActiveCfg = Release|Any CPU
		{93C5C3C1-236D-4A54-B2F4-95812F2E5E02}.Release|Any CPU.Build.0 = Release|Any CPU
		{12F9A01F-E536-450F-8342-79CD937EBB38}.Debug|Any CPU.ActiveCfg = Debug|Any CPU
		{12F9A01F-E536-450F-8342-79CD937EBB38}.Debug|Any CPU.Build.0 = Debug|Any CPU
		{12F9A01F-E536-450F-8342-79CD937EBB38}.Release|Any CPU.ActiveCfg = Release|Any CPU
		{12F9A01F-E536-450F-8342-79CD937EBB38}.Release|Any CPU.Build.0 = Release|Any CPU
		{4D67780A-2981-4388-BC65-A3E708F5C270}.Debug|Any CPU.ActiveCfg = Debug|Any CPU
		{4D67780A-2981-4388-BC65-A3E708F5C270}.Debug|Any CPU.Build.0 = Debug|Any CPU
		{4D67780A-2981-4388-BC65-A3E708F5C270}.Release|Any CPU.ActiveCfg = Release|Any CPU
		{4D67780A-2981-4388-BC65-A3E708F5C270}.Release|Any CPU.Build.0 = Release|Any CPU
		{ABF0A1DB-3CB1-43F3-B7E3-82E87142DA3E}.Debug|Any CPU.ActiveCfg = Debug|Any CPU
		{ABF0A1DB-3CB1-43F3-B7E3-82E87142DA3E}.Debug|Any CPU.Build.0 = Debug|Any CPU
		{ABF0A1DB-3CB1-43F3-B7E3-82E87142DA3E}.Release|Any CPU.ActiveCfg = Release|Any CPU
		{ABF0A1DB-3CB1-43F3-B7E3-82E87142DA3E}.Release|Any CPU.Build.0 = Release|Any CPU
	EndGlobalSection
	GlobalSection(SolutionProperties) = preSolution
		HideSolutionNode = FALSE
	EndGlobalSection
EndGlobal
